
Microsoft Visual Studio Solution File, Format Version 12.00
# Visual Studio Version 16
VisualStudioVersion = 16.0.32106.194
MinimumVisualStudioVersion = 10.0.40219.1
Project("{FAE04EC0-301F-11D3-BF4B-00C04F79EFBC}") = "LoopsAndRandomNumbers", "LoopsAndRandomNumbers\LoopsAndRandomNumbers.csproj", "{4D7B6821-A7D6-493E-9524-0D1F52E77F07}"
EndProject
Project("{FAE04EC0-301F-11D3-BF4B-00C04F79EFBC}") = "PINInfiniteLoop", "PINInfiniteLoop\PINInfiniteLoop.csproj", "{8FE7EC90-F912-4407-8781-1FAA875CC1C1}"
EndProject
Project("{FAE04EC0-301F-11D3-BF4B-00C04F79EFBC}") = "RandomNumber", "RandomNumber\RandomNumber.csproj", "{B8538061-D3A0-4CB2-8813-A30A338FDC33}"
EndProject
Project("{FAE04EC0-301F-11D3-BF4B-00C04F79EFBC}") = "GuessingGameInfinite", "GuessingGameInfinite\GuessingGameInfinite.csproj", "{78034FF0-62AC-4ED4-8EF4-CAA81B243142}"
EndProject
Project("{FAE04EC0-301F-11D3-BF4B-00C04F79EFBC}") = "GuessingGameThreeTries", "GuessingGameThreeTries\GuessingGameThreeTries.csproj", "{2A59FD66-48CA-49BE-B5C4-E6C99E85F2FB}"
EndProject
Global
	GlobalSection(SolutionConfigurationPlatforms) = preSolution
		Debug|Any CPU = Debug|Any CPU
		Release|Any CPU = Release|Any CPU
	EndGlobalSection
	GlobalSection(ProjectConfigurationPlatforms) = postSolution
		{4D7B6821-A7D6-493E-9524-0D1F52E77F07}.Debug|Any CPU.ActiveCfg = Debug|Any CPU
		{4D7B6821-A7D6-493E-9524-0D1F52E77F07}.Debug|Any CPU.Build.0 = Debug|Any CPU
		{4D7B6821-A7D6-493E-9524-0D1F52E77F07}.Release|Any CPU.ActiveCfg = Release|Any CPU
		{4D7B6821-A7D6-493E-9524-0D1F52E77F07}.Release|Any CPU.Build.0 = Release|Any CPU
		{8FE7EC90-F912-4407-8781-1FAA875CC1C1}.Debug|Any CPU.ActiveCfg = Debug|Any CPU
		{8FE7EC90-F912-4407-8781-1FAA875CC1C1}.Debug|Any CPU.Build.0 = Debug|Any CPU
		{8FE7EC90-F912-4407-8781-1FAA875CC1C1}.Release|Any CPU.ActiveCfg = Release|Any CPU
		{8FE7EC90-F912-4407-8781-1FAA875CC1C1}.Release|Any CPU.Build.0 = Release|Any CPU
		{B8538061-D3A0-4CB2-8813-A30A338FDC33}.Debug|Any CPU.ActiveCfg = Debug|Any CPU
		{B8538061-D3A0-4CB2-8813-A30A338FDC33}.Debug|Any CPU.Build.0 = Debug|Any CPU
		{B8538061-D3A0-4CB2-8813-A30A338FDC33}.Release|Any CPU.ActiveCfg = Release|Any CPU
		{B8538061-D3A0-4CB2-8813-A30A338FDC33}.Release|Any CPU.Build.0 = Release|Any CPU
		{78034FF0-62AC-4ED4-8EF4-CAA81B243142}.Debug|Any CPU.ActiveCfg = Debug|Any CPU
		{78034FF0-62AC-4ED4-8EF4-CAA81B243142}.Debug|Any CPU.Build.0 = Debug|Any CPU
		{78034FF0-62AC-4ED4-8EF4-CAA81B243142}.Release|Any CPU.ActiveCfg = Release|Any CPU
		{78034FF0-62AC-4ED4-8EF4-CAA81B243142}.Release|Any CPU.Build.0 = Release|Any CPU
		{2A59FD66-48CA-49BE-B5C4-E6C99E85F2FB}.Debug|Any CPU.ActiveCfg = Debug|Any CPU
		{2A59FD66-48CA-49BE-B5C4-E6C99E85F2FB}.Debug|Any CPU.Build.0 = Debug|Any CPU
		{2A59FD66-48CA-49BE-B5C4-E6C99E85F2FB}.Release|Any CPU.ActiveCfg = Release|Any CPU
		{2A59FD66-48CA-49BE-B5C4-E6C99E85F2FB}.Release|Any CPU.Build.0 = Release|Any CPU
	EndGlobalSection
	GlobalSection(SolutionProperties) = preSolution
		HideSolutionNode = FALSE
	EndGlobalSection
	GlobalSection(ExtensibilityGlobals) = postSolution
		SolutionGuid = {CBA734C9-C07F-4C49-B989-D0FAEA696654}
	EndGlobalSection
EndGlobal
